// !$*UTF8*$!
{
	archiveVersion = 1;
	classes = {
	};
	objectVersion = 55;
	objects = {

/* Begin PBXBuildFile section */
		78F01DF42831FC4D00C58D67 /* AppDelegate.swift in Sources */ = {isa = PBXBuildFile; fileRef = 78F01DF32831FC4D00C58D67 /* AppDelegate.swift */; };
		78F01DF62831FC4D00C58D67 /* SceneDelegate.swift in Sources */ = {isa = PBXBuildFile; fileRef = 78F01DF52831FC4D00C58D67 /* SceneDelegate.swift */; };
		78F01DF82831FC4D00C58D67 /* ConversationViewController.swift in Sources */ = {isa = PBXBuildFile; fileRef = 78F01DF72831FC4D00C58D67 /* ConversationViewController.swift */; };
		78F01DFB2831FC4D00C58D67 /* ConversationViewController.storyboard in Resources */ = {isa = PBXBuildFile; fileRef = 78F01DF92831FC4D00C58D67 /* ConversationViewController.storyboard */; };
		78F01DFD2831FC4E00C58D67 /* Assets.xcassets in Resources */ = {isa = PBXBuildFile; fileRef = 78F01DFC2831FC4E00C58D67 /* Assets.xcassets */; };
		78F01E002831FC4E00C58D67 /* LaunchScreen.storyboard in Resources */ = {isa = PBXBuildFile; fileRef = 78F01DFE2831FC4E00C58D67 /* LaunchScreen.storyboard */; };
		78F01E0E2832033A00C58D67 /* LoginViewController.swift in Sources */ = {isa = PBXBuildFile; fileRef = 78F01E0D2832033A00C58D67 /* LoginViewController.swift */; };
		78F01E102832038B00C58D67 /* RegisterViewController.swift in Sources */ = {isa = PBXBuildFile; fileRef = 78F01E0F2832038B00C58D67 /* RegisterViewController.swift */; };
		78F01E12283203BF00C58D67 /* PhotoViewerViewController.swift in Sources */ = {isa = PBXBuildFile; fileRef = 78F01E11283203BF00C58D67 /* PhotoViewerViewController.swift */; };
		78F01E14283203EB00C58D67 /* VideoPlayerViewController.swift in Sources */ = {isa = PBXBuildFile; fileRef = 78F01E13283203EB00C58D67 /* VideoPlayerViewController.swift */; };
		78F01E162832044B00C58D67 /* NewConversationViewController.swift in Sources */ = {isa = PBXBuildFile; fileRef = 78F01E152832044B00C58D67 /* NewConversationViewController.swift */; };
		78F01E182832046500C58D67 /* ProfileViewController.swift in Sources */ = {isa = PBXBuildFile; fileRef = 78F01E172832046500C58D67 /* ProfileViewController.swift */; };
/* End PBXBuildFile section */

/* Begin PBXFileReference section */
		78F01DF02831FC4D00C58D67 /* Chat-App-test.app */ = {isa = PBXFileReference; explicitFileType = wrapper.application; includeInIndex = 0; path = "Chat-App-test.app"; sourceTree = BUILT_PRODUCTS_DIR; };
		78F01DF32831FC4D00C58D67 /* AppDelegate.swift */ = {isa = PBXFileReference; lastKnownFileType = sourcecode.swift; path = AppDelegate.swift; sourceTree = "<group>"; };
		78F01DF52831FC4D00C58D67 /* SceneDelegate.swift */ = {isa = PBXFileReference; lastKnownFileType = sourcecode.swift; path = SceneDelegate.swift; sourceTree = "<group>"; };
		78F01DF72831FC4D00C58D67 /* ConversationViewController.swift */ = {isa = PBXFileReference; lastKnownFileType = sourcecode.swift; path = ConversationViewController.swift; sourceTree = "<group>"; };
		78F01DFA2831FC4D00C58D67 /* Base */ = {isa = PBXFileReference; lastKnownFileType = file.storyboard; name = Base; path = Base.lproj/ConversationViewController.storyboard; sourceTree = "<group>"; };
		78F01DFC2831FC4E00C58D67 /* Assets.xcassets */ = {isa = PBXFileReference; lastKnownFileType = folder.assetcatalog; path = Assets.xcassets; sourceTree = "<group>"; };
		78F01DFF2831FC4E00C58D67 /* Base */ = {isa = PBXFileReference; lastKnownFileType = file.storyboard; name = Base; path = Base.lproj/LaunchScreen.storyboard; sourceTree = "<group>"; };
		78F01E012831FC4E00C58D67 /* Info.plist */ = {isa = PBXFileReference; lastKnownFileType = text.plist.xml; path = Info.plist; sourceTree = "<group>"; };
		78F01E0D2832033A00C58D67 /* LoginViewController.swift */ = {isa = PBXFileReference; lastKnownFileType = sourcecode.swift; name = LoginViewController.swift; path = Views/LoginViewController.swift; sourceTree = "<group>"; };
		78F01E0F2832038B00C58D67 /* RegisterViewController.swift */ = {isa = PBXFileReference; lastKnownFileType = sourcecode.swift; path = RegisterViewController.swift; sourceTree = "<group>"; };
		78F01E11283203BF00C58D67 /* PhotoViewerViewController.swift */ = {isa = PBXFileReference; lastKnownFileType = sourcecode.swift; path = PhotoViewerViewController.swift; sourceTree = "<group>"; };
		78F01E13283203EB00C58D67 /* VideoPlayerViewController.swift */ = {isa = PBXFileReference; lastKnownFileType = sourcecode.swift; path = VideoPlayerViewController.swift; sourceTree = "<group>"; };
		78F01E152832044B00C58D67 /* NewConversationViewController.swift */ = {isa = PBXFileReference; lastKnownFileType = sourcecode.swift; path = NewConversationViewController.swift; sourceTree = "<group>"; };
		78F01E172832046500C58D67 /* ProfileViewController.swift */ = {isa = PBXFileReference; lastKnownFileType = sourcecode.swift; path = ProfileViewController.swift; sourceTree = "<group>"; };
/* End PBXFileReference section */

/* Begin PBXFrameworksBuildPhase section */
		78F01DED2831FC4D00C58D67 /* Frameworks */ = {
			isa = PBXFrameworksBuildPhase;
			buildActionMask = 2147483647;
			files = (
			);
			runOnlyForDeploymentPostprocessing = 0;
		};
/* End PBXFrameworksBuildPhase section */

/* Begin PBXGroup section */
		78F01DE72831FC4D00C58D67 = {
			isa = PBXGroup;
			children = (
				78F01DF22831FC4D00C58D67 /* Chat-App-test */,
				78F01DF12831FC4D00C58D67 /* Products */,
			);
			sourceTree = "<group>";
		};
		78F01DF12831FC4D00C58D67 /* Products */ = {
			isa = PBXGroup;
			children = (
				78F01DF02831FC4D00C58D67 /* Chat-App-test.app */,
			);
			name = Products;
			sourceTree = "<group>";
		};
		78F01DF22831FC4D00C58D67 /* Chat-App-test */ = {
			isa = PBXGroup;
			children = (
				78F01E0B2832002800C58D67 /* Resources */,
				78F01E0A2832001A00C58D67 /* ViewModels */,
				78F01E092832000F00C58D67 /* Models */,
				78F01E082832000700C58D67 /* Views */,
				78F01E072831FFE100C58D67 /* Controllers */,
				78F01E012831FC4E00C58D67 /* Info.plist */,
			);
			path = "Chat-App-test";
			sourceTree = "<group>";
		};
		78F01E072831FFE100C58D67 /* Controllers */ = {
			isa = PBXGroup;
			children = (
				78F01DF72831FC4D00C58D67 /* ConversationViewController.swift */,
				78F01E0D2832033A00C58D67 /* LoginViewController.swift */,
				78F01E0F2832038B00C58D67 /* RegisterViewController.swift */,
				78F01E11283203BF00C58D67 /* PhotoViewerViewController.swift */,
				78F01E13283203EB00C58D67 /* VideoPlayerViewController.swift */,
				78F01E152832044B00C58D67 /* NewConversationViewController.swift */,
				78F01E172832046500C58D67 /* ProfileViewController.swift */,
			);
			name = Controllers;
			sourceTree = "<group>";
		};
		78F01E082832000700C58D67 /* Views */ = {
			isa = PBXGroup;
			children = (
				78F01DFC2831FC4E00C58D67 /* Assets.xcassets */,
				78F01E0C2832007B00C58D67 /* Storyboard */,
			);
			path = Views;
			sourceTree = "<group>";
		};
		78F01E092832000F00C58D67 /* Models */ = {
			isa = PBXGroup;
			children = (
			);
			name = Models;
			sourceTree = "<group>";
		};
		78F01E0A2832001A00C58D67 /* ViewModels */ = {
			isa = PBXGroup;
			children = (
			);
			path = ViewModels;
			sourceTree = "<group>";
		};
		78F01E0B2832002800C58D67 /* Resources */ = {
			isa = PBXGroup;
			children = (
				78F01DF32831FC4D00C58D67 /* AppDelegate.swift */,
				78F01DF52831FC4D00C58D67 /* SceneDelegate.swift */,
			);
			name = Resources;
			sourceTree = "<group>";
		};
		78F01E0C2832007B00C58D67 /* Storyboard */ = {
			isa = PBXGroup;
			children = (
				78F01DFE2831FC4E00C58D67 /* LaunchScreen.storyboard */,
				78F01DF92831FC4D00C58D67 /* ConversationViewController.storyboard */,
			);
			name = Storyboard;
			sourceTree = "<group>";
		};
/* End PBXGroup section */

/* Begin PBXNativeTarget section */
		78F01DEF2831FC4D00C58D67 /* Chat-App-test */ = {
			isa = PBXNativeTarget;
			buildConfigurationList = 78F01E042831FC4E00C58D67 /* Build configuration list for PBXNativeTarget "Chat-App-test" */;
			buildPhases = (
				78F01DEC2831FC4D00C58D67 /* Sources */,
				78F01DED2831FC4D00C58D67 /* Frameworks */,
				78F01DEE2831FC4D00C58D67 /* Resources */,
			);
			buildRules = (
			);
			dependencies = (
			);
			name = "Chat-App-test";
			productName = "Chat-App-test";
			productReference = 78F01DF02831FC4D00C58D67 /* Chat-App-test.app */;
			productType = "com.apple.product-type.application";
		};
/* End PBXNativeTarget section */

/* Begin PBXProject section */
		78F01DE82831FC4D00C58D67 /* Project object */ = {
			isa = PBXProject;
			attributes = {
				BuildIndependentTargetsInParallel = 1;
				LastSwiftUpdateCheck = 1330;
				LastUpgradeCheck = 1330;
				TargetAttributes = {
					78F01DEF2831FC4D00C58D67 = {
						CreatedOnToolsVersion = 13.3.1;
					};
				};
			};
			buildConfigurationList = 78F01DEB2831FC4D00C58D67 /* Build configuration list for PBXProject "Chat-App-test" */;
			compatibilityVersion = "Xcode 13.0";
			developmentRegion = en;
			hasScannedForEncodings = 0;
			knownRegions = (
				en,
				Base,
			);
			mainGroup = 78F01DE72831FC4D00C58D67;
			productRefGroup = 78F01DF12831FC4D00C58D67 /* Products */;
			projectDirPath = "";
			projectRoot = "";
			targets = (
				78F01DEF2831FC4D00C58D67 /* Chat-App-test */,
			);
		};
/* End PBXProject section */

/* Begin PBXResourcesBuildPhase section */
		78F01DEE2831FC4D00C58D67 /* Resources */ = {
			isa = PBXResourcesBuildPhase;
			buildActionMask = 2147483647;
			files = (
				78F01E002831FC4E00C58D67 /* LaunchScreen.storyboard in Resources */,
				78F01DFD2831FC4E00C58D67 /* Assets.xcassets in Resources */,
				78F01DFB2831FC4D00C58D67 /* ConversationViewController.storyboard in Resources */,
			);
			runOnlyForDeploymentPostprocessing = 0;
		};
/* End PBXResourcesBuildPhase section */

/* Begin PBXSourcesBuildPhase section */
		78F01DEC2831FC4D00C58D67 /* Sources */ = {
			isa = PBXSourcesBuildPhase;
			buildActionMask = 2147483647;
			files = (
				78F01E0E2832033A00C58D67 /* LoginViewController.swift in Sources */,
				78F01E102832038B00C58D67 /* RegisterViewController.swift in Sources */,
				78F01E162832044B00C58D67 /* NewConversationViewController.swift in Sources */,
				78F01DF82831FC4D00C58D67 /* ConversationViewController.swift in Sources */,
				78F01E14283203EB00C58D67 /* VideoPlayerViewController.swift in Sources */,
				78F01DF42831FC4D00C58D67 /* AppDelegate.swift in Sources */,
				78F01E182832046500C58D67 /* ProfileViewController.swift in Sources */,
				78F01DF62831FC4D00C58D67 /* SceneDelegate.swift in Sources */,
				78F01E12283203BF00C58D67 /* PhotoViewerViewController.swift in Sources */,
			);
			runOnlyForDeploymentPostprocessing = 0;
		};
/* End PBXSourcesBuildPhase section */

/* Begin PBXVariantGroup section */
		78F01DF92831FC4D00C58D67 /* ConversationViewController.storyboard */ = {
			isa = PBXVariantGroup;
			children = (
				78F01DFA2831FC4D00C58D67 /* Base */,
			);
			name = ConversationViewController.storyboard;
			sourceTree = "<group>";
		};
		78F01DFE2831FC4E00C58D67 /* LaunchScreen.storyboard */ = {
			isa = PBXVariantGroup;
			children = (
				78F01DFF2831FC4E00C58D67 /* Base */,
			);
			name = LaunchScreen.storyboard;
			sourceTree = "<group>";
		};
/* End PBXVariantGroup section */

/* Begin XCBuildConfiguration section */
		78F01E022831FC4E00C58D67 /* Debug */ = {
			isa = XCBuildConfiguration;
			buildSettings = {
				ALWAYS_SEARCH_USER_PATHS = NO;
				CLANG_ANALYZER_NONNULL = YES;
				CLANG_ANALYZER_NUMBER_OBJECT_CONVERSION = YES_AGGRESSIVE;
				CLANG_CXX_LANGUAGE_STANDARD = "gnu++17";
				CLANG_ENABLE_MODULES = YES;
				CLANG_ENABLE_OBJC_ARC = YES;
				CLANG_ENABLE_OBJC_WEAK = YES;
				CLANG_WARN_BLOCK_CAPTURE_AUTORELEASING = YES;
				CLANG_WARN_BOOL_CONVERSION = YES;
				CLANG_WARN_COMMA = YES;
				CLANG_WARN_CONSTANT_CONVERSION = YES;
				CLANG_WARN_DEPRECATED_OBJC_IMPLEMENTATIONS = YES;
				CLANG_WARN_DIRECT_OBJC_ISA_USAGE = YES_ERROR;
				CLANG_WARN_DOCUMENTATION_COMMENTS = YES;
				CLANG_WARN_EMPTY_BODY = YES;
				CLANG_WARN_ENUM_CONVERSION = YES;
				CLANG_WARN_INFINITE_RECURSION = YES;
				CLANG_WARN_INT_CONVERSION = YES;
				CLANG_WARN_NON_LITERAL_NULL_CONVERSION = YES;
				CLANG_WARN_OBJC_IMPLICIT_RETAIN_SELF = YES;
				CLANG_WARN_OBJC_LITERAL_CONVERSION = YES;
				CLANG_WARN_OBJC_ROOT_CLASS = YES_ERROR;
				CLANG_WARN_QUOTED_INCLUDE_IN_FRAMEWORK_HEADER = YES;
				CLANG_WARN_RANGE_LOOP_ANALYSIS = YES;
				CLANG_WARN_STRICT_PROTOTYPES = YES;
				CLANG_WARN_SUSPICIOUS_MOVE = YES;
				CLANG_WARN_UNGUARDED_AVAILABILITY = YES_AGGRESSIVE;
				CLANG_WARN_UNREACHABLE_CODE = YES;
				CLANG_WARN__DUPLICATE_METHOD_MATCH = YES;
				COPY_PHASE_STRIP = NO;
				DEBUG_INFORMATION_FORMAT = dwarf;
				ENABLE_STRICT_OBJC_MSGSEND = YES;
				ENABLE_TESTABILITY = YES;
				GCC_C_LANGUAGE_STANDARD = gnu11;
				GCC_DYNAMIC_NO_PIC = NO;
				GCC_NO_COMMON_BLOCKS = YES;
				GCC_OPTIMIZATION_LEVEL = 0;
				GCC_PREPROCESSOR_DEFINITIONS = (
					"DEBUG=1",
					"$(inherited)",
				);
				GCC_WARN_64_TO_32_BIT_CONVERSION = YES;
				GCC_WARN_ABOUT_RETURN_TYPE = YES_ERROR;
				GCC_WARN_UNDECLARED_SELECTOR = YES;
				GCC_WARN_UNINITIALIZED_AUTOS = YES_AGGRESSIVE;
				GCC_WARN_UNUSED_FUNCTION = YES;
				GCC_WARN_UNUSED_VARIABLE = YES;
				IPHONEOS_DEPLOYMENT_TARGET = 14.0;
				MTL_ENABLE_DEBUG_INFO = INCLUDE_SOURCE;
				MTL_FAST_MATH = YES;
				ONLY_ACTIVE_ARCH = YES;
				SDKROOT = iphoneos;
				SWIFT_ACTIVE_COMPILATION_CONDITIONS = DEBUG;
				SWIFT_OPTIMIZATION_LEVEL = "-Onone";
			};
			name = Debug;
		};
		78F01E032831FC4E00C58D67 /* Release */ = {
			isa = XCBuildConfiguration;
			buildSettings = {
				ALWAYS_SEARCH_USER_PATHS = NO;
				CLANG_ANALYZER_NONNULL = YES;
				CLANG_ANALYZER_NUMBER_OBJECT_CONVERSION = YES_AGGRESSIVE;
				CLANG_CXX_LANGUAGE_STANDARD = "gnu++17";
				CLANG_ENABLE_MODULES = YES;
				CLANG_ENABLE_OBJC_ARC = YES;
				CLANG_ENABLE_OBJC_WEAK = YES;
				CLANG_WARN_BLOCK_CAPTURE_AUTORELEASING = YES;
				CLANG_WARN_BOOL_CONVERSION = YES;
				CLANG_WARN_COMMA = YES;
				CLANG_WARN_CONSTANT_CONVERSION = YES;
				CLANG_WARN_DEPRECATED_OBJC_IMPLEMENTATIONS = YES;
				CLANG_WARN_DIRECT_OBJC_ISA_USAGE = YES_ERROR;
				CLANG_WARN_DOCUMENTATION_COMMENTS = YES;
				CLANG_WARN_EMPTY_BODY = YES;
				CLANG_WARN_ENUM_CONVERSION = YES;
				CLANG_WARN_INFINITE_RECURSION = YES;
				CLANG_WARN_INT_CONVERSION = YES;
				CLANG_WARN_NON_LITERAL_NULL_CONVERSION = YES;
				CLANG_WARN_OBJC_IMPLICIT_RETAIN_SELF = YES;
				CLANG_WARN_OBJC_LITERAL_CONVERSION = YES;
				CLANG_WARN_OBJC_ROOT_CLASS = YES_ERROR;
				CLANG_WARN_QUOTED_INCLUDE_IN_FRAMEWORK_HEADER = YES;
				CLANG_WARN_RANGE_LOOP_ANALYSIS = YES;
				CLANG_WARN_STRICT_PROTOTYPES = YES;
				CLANG_WARN_SUSPICIOUS_MOVE = YES;
				CLANG_WARN_UNGUARDED_AVAILABILITY = YES_AGGRESSIVE;
				CLANG_WARN_UNREACHABLE_CODE = YES;
				CLANG_WARN__DUPLICATE_METHOD_MATCH = YES;
				COPY_PHASE_STRIP = NO;
				DEBUG_INFORMATION_FORMAT = "dwarf-with-dsym";
				ENABLE_NS_ASSERTIONS = NO;
				ENABLE_STRICT_OBJC_MSGSEND = YES;
				GCC_C_LANGUAGE_STANDARD = gnu11;
				GCC_NO_COMMON_BLOCKS = YES;
				GCC_WARN_64_TO_32_BIT_CONVERSION = YES;
				GCC_WARN_ABOUT_RETURN_TYPE = YES_ERROR;
				GCC_WARN_UNDECLARED_SELECTOR = YES;
				GCC_WARN_UNINITIALIZED_AUTOS = YES_AGGRESSIVE;
				GCC_WARN_UNUSED_FUNCTION = YES;
				GCC_WARN_UNUSED_VARIABLE = YES;
				IPHONEOS_DEPLOYMENT_TARGET = 14.0;
				MTL_ENABLE_DEBUG_INFO = NO;
				MTL_FAST_MATH = YES;
				SDKROOT = iphoneos;
				SWIFT_COMPILATION_MODE = wholemodule;
				SWIFT_OPTIMIZATION_LEVEL = "-O";
				VALIDATE_PRODUCT = YES;
			};
			name = Release;
		};
		78F01E052831FC4E00C58D67 /* Debug */ = {
			isa = XCBuildConfiguration;
			buildSettings = {
				ASSETCATALOG_COMPILER_APPICON_NAME = AppIcon;
				ASSETCATALOG_COMPILER_GLOBAL_ACCENT_COLOR_NAME = AccentColor;
				CODE_SIGN_STYLE = Automatic;
				CURRENT_PROJECT_VERSION = 1;
				DEVELOPMENT_TEAM = WQD7F9D6LV;
				GENERATE_INFOPLIST_FILE = YES;
				INFOPLIST_FILE = "Chat-App-test/Info.plist";
				INFOPLIST_KEY_UIApplicationSupportsIndirectInputEvents = YES;
				INFOPLIST_KEY_UILaunchStoryboardName = LaunchScreen;
				INFOPLIST_KEY_UIMainStoryboardFile = Main;
				INFOPLIST_KEY_UISupportedInterfaceOrientations = UIInterfaceOrientationPortrait;
				INFOPLIST_KEY_UISupportedInterfaceOrientations_iPad = "UIInterfaceOrientationPortrait UIInterfaceOrientationPortraitUpsideDown UIInterfaceOrientationLandscapeLeft UIInterfaceOrientationLandscapeRight";
				INFOPLIST_KEY_UISupportedInterfaceOrientations_iPhone = "UIInterfaceOrientationPortrait UIInterfaceOrientationLandscapeLeft UIInterfaceOrientationLandscapeRight";
				LD_RUNPATH_SEARCH_PATHS = (
					"$(inherited)",
					"@executable_path/Frameworks",
				);
				MARKETING_VERSION = 1.0;
				PRODUCT_BUNDLE_IDENTIFIER = "com.moolman.Chat-App-test";
				PRODUCT_NAME = "$(TARGET_NAME)";
				SWIFT_EMIT_LOC_STRINGS = YES;
				SWIFT_VERSION = 5.0;
				TARGETED_DEVICE_FAMILY = "1,2";
			};
			name = Debug;
		};
		78F01E062831FC4E00C58D67 /* Release */ = {
			isa = XCBuildConfiguration;
			buildSettings = {
				ASSETCATALOG_COMPILER_APPICON_NAME = AppIcon;
				ASSETCATALOG_COMPILER_GLOBAL_ACCENT_COLOR_NAME = AccentColor;
				CODE_SIGN_STYLE = Automatic;
				CURRENT_PROJECT_VERSION = 1;
				DEVELOPMENT_TEAM = WQD7F9D6LV;
				GENERATE_INFOPLIST_FILE = YES;
				INFOPLIST_FILE = "Chat-App-test/Info.plist";
				INFOPLIST_KEY_UIApplicationSupportsIndirectInputEvents = YES;
				INFOPLIST_KEY_UILaunchStoryboardName = LaunchScreen;
				INFOPLIST_KEY_UIMainStoryboardFile = Main;
				INFOPLIST_KEY_UISupportedInterfaceOrientations = UIInterfaceOrientationPortrait;
				INFOPLIST_KEY_UISupportedInterfaceOrientations_iPad = "UIInterfaceOrientationPortrait UIInterfaceOrientationPortraitUpsideDown UIInterfaceOrientationLandscapeLeft UIInterfaceOrientationLandscapeRight";
				INFOPLIST_KEY_UISupportedInterfaceOrientations_iPhone = "UIInterfaceOrientationPortrait UIInterfaceOrientationLandscapeLeft UIInterfaceOrientationLandscapeRight";
				LD_RUNPATH_SEARCH_PATHS = (
					"$(inherited)",
					"@executable_path/Frameworks",
				);
				MARKETING_VERSION = 1.0;
				PRODUCT_BUNDLE_IDENTIFIER = "com.moolman.Chat-App-test";
				PRODUCT_NAME = "$(TARGET_NAME)";
				SWIFT_EMIT_LOC_STRINGS = YES;
				SWIFT_VERSION = 5.0;
				TARGETED_DEVICE_FAMILY = "1,2";
			};
			name = Release;
		};
/* End XCBuildConfiguration section */

/* Begin XCConfigurationList section */
		78F01DEB2831FC4D00C58D67 /* Build configuration list for PBXProject "Chat-App-test" */ = {
			isa = XCConfigurationList;
			buildConfigurations = (
				78F01E022831FC4E00C58D67 /* Debug */,
				78F01E032831FC4E00C58D67 /* Release */,
			);
			defaultConfigurationIsVisible = 0;
			defaultConfigurationName = Release;
		};
		78F01E042831FC4E00C58D67 /* Build configuration list for PBXNativeTarget "Chat-App-test" */ = {
			isa = XCConfigurationList;
			buildConfigurations = (
				78F01E052831FC4E00C58D67 /* Debug */,
				78F01E062831FC4E00C58D67 /* Release */,
			);
			defaultConfigurationIsVisible = 0;
			defaultConfigurationName = Release;
		};
/* End XCConfigurationList section */
	};
	rootObject = 78F01DE82831FC4D00C58D67 /* Project object */;
}
